{
  "name": "node-live-read-example",
  "version": "1.0.0",
  "lockfileVersion": 1,
  "requires": true,
  "dependencies": {
    "self-reload-json": {
      "version": "0.4.0",
      "resolved": "https://registry.npmjs.org/self-reload-json/-/self-reload-json-0.4.0.tgz",
      "integrity": "sha1-si+2fEHeissiYehE1y/1h2n56vo="
    }
  }
}
